
Microsoft Visual Studio Solution File, Format Version 12.00
# Visual Studio Version 17
VisualStudioVersion = 17.14.36109.1 d17.14
MinimumVisualStudioVersion = 10.0.40219.1
Project("{FAE04EC0-301F-11D3-BF4B-00C04F79EFBC}") = "Exercicio2", "Exercicio2.csproj", "{CDFE6F1A-BB91-44D5-AB64-657F0C18B46B}"
EndProject
Global
	GlobalSection(SolutionConfigurationPlatforms) = preSolution
		Debug|Any CPU = Debug|Any CPU
		Release|Any CPU = Release|Any CPU
	EndGlobalSection
	GlobalSection(ProjectConfigurationPlatforms) = postSolution
		{CDFE6F1A-BB91-44D5-AB64-657F0C18B46B}.Debug|Any CPU.ActiveCfg = Debug|Any CPU
		{CDFE6F1A-BB91-44D5-AB64-657F0C18B46B}.Debug|Any CPU.Build.0 = Debug|Any CPU
		{CDFE6F1A-BB91-44D5-AB64-657F0C18B46B}.Release|Any CPU.ActiveCfg = Release|Any CPU
		{CDFE6F1A-BB91-44D5-AB64-657F0C18B46B}.Release|Any CPU.Build.0 = Release|Any CPU
	EndGlobalSection
	GlobalSection(SolutionProperties) = preSolution
		HideSolutionNode = FALSE
	EndGlobalSection
	GlobalSection(ExtensibilityGlobals) = postSolution
		SolutionGuid = {571FB0D1-A4B3-46B4-86F2-543AF3C5AFA9}
	EndGlobalSection
EndGlobal
